// !$*UTF8*$!
{
	archiveVersion = 1;
	classes = {
	};
	objectVersion = 50;
	objects = {

/* Begin PBXBuildFile section */
		0325B38425DD8FD3006BBBDE /* SaboteurGameApp.swift in Sources */ = {isa = PBXBuildFile; fileRef = 0325B38325DD8FD3006BBBDE /* SaboteurGameApp.swift */; };
		0325B38625DD8FD3006BBBDE /* GameView.swift in Sources */ = {isa = PBXBuildFile; fileRef = 0325B38525DD8FD3006BBBDE /* GameView.swift */; };
		0325B38825DD8FD6006BBBDE /* Assets.xcassets in Resources */ = {isa = PBXBuildFile; fileRef = 0325B38725DD8FD6006BBBDE /* Assets.xcassets */; };
		0325B38B25DD8FD6006BBBDE /* Preview Assets.xcassets in Resources */ = {isa = PBXBuildFile; fileRef = 0325B38A25DD8FD6006BBBDE /* Preview Assets.xcassets */; };
		0325B39525DD90F4006BBBDE /* Game.swift in Sources */ = {isa = PBXBuildFile; fileRef = 0325B39425DD90F4006BBBDE /* Game.swift */; };
		03A592A025EE746B009B2A0F /* Players.swift in Sources */ = {isa = PBXBuildFile; fileRef = 03A5929F25EE746B009B2A0F /* Players.swift */; };
		03B1468125E64E1600371620 /* PlayingFieldViewModel.swift in Sources */ = {isa = PBXBuildFile; fileRef = 03B1468025E64E1600371620 /* PlayingFieldViewModel.swift */; };
		03C3ECBA25ED374500A71642 /* Deck.swift in Sources */ = {isa = PBXBuildFile; fileRef = 03C3ECB925ED374500A71642 /* Deck.swift */; };
		03C3ECBD25EE471B00A71642 /* Field.swift in Sources */ = {isa = PBXBuildFile; fileRef = 03C3ECBC25EE471B00A71642 /* Field.swift */; };
		4DD2D6EB260CA2A20068B8FD /* act-r_miner.actr.lisp in Resources */ = {isa = PBXBuildFile; fileRef = 4DD2D6E9260CA2A20068B8FD /* act-r_miner.actr.lisp */; };
		4DD2D6EC260CA2A20068B8FD /* rps.actr in Resources */ = {isa = PBXBuildFile; fileRef = 4DD2D6EA260CA2A20068B8FD /* rps.actr */; };
		4DD2D6FE260CA2AE0068B8FD /* SlotAction.swift in Sources */ = {isa = PBXBuildFile; fileRef = 4DD2D6EF260CA2AE0068B8FD /* SlotAction.swift */; };
		4DD2D6FF260CA2AE0068B8FD /* BufferCondition.swift in Sources */ = {isa = PBXBuildFile; fileRef = 4DD2D6F0260CA2AE0068B8FD /* BufferCondition.swift */; };
		4DD2D700260CA2AE0068B8FD /* Model.swift in Sources */ = {isa = PBXBuildFile; fileRef = 4DD2D6F1260CA2AE0068B8FD /* Model.swift */; };
		4DD2D701260CA2AE0068B8FD /* Procedural.swift in Sources */ = {isa = PBXBuildFile; fileRef = 4DD2D6F2260CA2AE0068B8FD /* Procedural.swift */; };
		4DD2D702260CA2AE0068B8FD /* Instantiation.swift in Sources */ = {isa = PBXBuildFile; fileRef = 4DD2D6F3260CA2AE0068B8FD /* Instantiation.swift */; };
		4DD2D703260CA2AE0068B8FD /* Temporal.swift in Sources */ = {isa = PBXBuildFile; fileRef = 4DD2D6F4260CA2AE0068B8FD /* Temporal.swift */; };
		4DD2D704260CA2AE0068B8FD /* Vision.swift in Sources */ = {isa = PBXBuildFile; fileRef = 4DD2D6F5260CA2AE0068B8FD /* Vision.swift */; };
		4DD2D705260CA2AE0068B8FD /* Tokenizer.swift in Sources */ = {isa = PBXBuildFile; fileRef = 4DD2D6F6260CA2AE0068B8FD /* Tokenizer.swift */; };
		4DD2D706260CA2AE0068B8FD /* SlotCondition.swift in Sources */ = {isa = PBXBuildFile; fileRef = 4DD2D6F7260CA2AE0068B8FD /* SlotCondition.swift */; };
		4DD2D707260CA2AE0068B8FD /* BufferAction.swift in Sources */ = {isa = PBXBuildFile; fileRef = 4DD2D6F8260CA2AE0068B8FD /* BufferAction.swift */; };
		4DD2D708260CA2AE0068B8FD /* Support.swift in Sources */ = {isa = PBXBuildFile; fileRef = 4DD2D6F9260CA2AE0068B8FD /* Support.swift */; };
		4DD2D709260CA2AE0068B8FD /* Parser.swift in Sources */ = {isa = PBXBuildFile; fileRef = 4DD2D6FA260CA2AE0068B8FD /* Parser.swift */; };
		4DD2D70A260CA2AE0068B8FD /* Declarative.swift in Sources */ = {isa = PBXBuildFile; fileRef = 4DD2D6FB260CA2AE0068B8FD /* Declarative.swift */; };
		4DD2D70B260CA2AE0068B8FD /* Chunk.swift in Sources */ = {isa = PBXBuildFile; fileRef = 4DD2D6FC260CA2AE0068B8FD /* Chunk.swift */; };
		4DD2D70C260CA2AE0068B8FD /* Production.swift in Sources */ = {isa = PBXBuildFile; fileRef = 4DD2D6FD260CA2AE0068B8FD /* Production.swift */; };
/* End PBXBuildFile section */

/* Begin PBXFileReference section */
		0325B38025DD8FD3006BBBDE /* SaboteurGame.app */ = {isa = PBXFileReference; explicitFileType = wrapper.application; includeInIndex = 0; path = SaboteurGame.app; sourceTree = BUILT_PRODUCTS_DIR; };
		0325B38325DD8FD3006BBBDE /* SaboteurGameApp.swift */ = {isa = PBXFileReference; lastKnownFileType = sourcecode.swift; path = SaboteurGameApp.swift; sourceTree = "<group>"; };
		0325B38525DD8FD3006BBBDE /* GameView.swift */ = {isa = PBXFileReference; lastKnownFileType = sourcecode.swift; path = GameView.swift; sourceTree = "<group>"; };
		0325B38725DD8FD6006BBBDE /* Assets.xcassets */ = {isa = PBXFileReference; lastKnownFileType = folder.assetcatalog; path = Assets.xcassets; sourceTree = "<group>"; };
		0325B38A25DD8FD6006BBBDE /* Preview Assets.xcassets */ = {isa = PBXFileReference; lastKnownFileType = folder.assetcatalog; path = "Preview Assets.xcassets"; sourceTree = "<group>"; };
		0325B38C25DD8FD6006BBBDE /* Info.plist */ = {isa = PBXFileReference; lastKnownFileType = text.plist.xml; path = Info.plist; sourceTree = "<group>"; };
		0325B39425DD90F4006BBBDE /* Game.swift */ = {isa = PBXFileReference; lastKnownFileType = sourcecode.swift; path = Game.swift; sourceTree = "<group>"; };
		03A5929F25EE746B009B2A0F /* Players.swift */ = {isa = PBXFileReference; lastKnownFileType = sourcecode.swift; path = Players.swift; sourceTree = "<group>"; };
		03B1468025E64E1600371620 /* PlayingFieldViewModel.swift */ = {isa = PBXFileReference; lastKnownFileType = sourcecode.swift; path = PlayingFieldViewModel.swift; sourceTree = "<group>"; };
		03C3ECB925ED374500A71642 /* Deck.swift */ = {isa = PBXFileReference; lastKnownFileType = sourcecode.swift; path = Deck.swift; sourceTree = "<group>"; };
		03C3ECBC25EE471B00A71642 /* Field.swift */ = {isa = PBXFileReference; lastKnownFileType = sourcecode.swift; path = Field.swift; sourceTree = "<group>"; };
		4DD2D6E9260CA2A20068B8FD /* act-r_miner.actr.lisp */ = {isa = PBXFileReference; fileEncoding = 4; lastKnownFileType = text; path = "act-r_miner.actr.lisp"; sourceTree = "<group>"; };
		4DD2D6EA260CA2A20068B8FD /* rps.actr */ = {isa = PBXFileReference; fileEncoding = 4; lastKnownFileType = text; path = rps.actr; sourceTree = "<group>"; };
		4DD2D6EF260CA2AE0068B8FD /* SlotAction.swift */ = {isa = PBXFileReference; fileEncoding = 4; lastKnownFileType = sourcecode.swift; path = SlotAction.swift; sourceTree = "<group>"; };
		4DD2D6F0260CA2AE0068B8FD /* BufferCondition.swift */ = {isa = PBXFileReference; fileEncoding = 4; lastKnownFileType = sourcecode.swift; path = BufferCondition.swift; sourceTree = "<group>"; };
		4DD2D6F1260CA2AE0068B8FD /* Model.swift */ = {isa = PBXFileReference; fileEncoding = 4; lastKnownFileType = sourcecode.swift; path = Model.swift; sourceTree = "<group>"; };
		4DD2D6F2260CA2AE0068B8FD /* Procedural.swift */ = {isa = PBXFileReference; fileEncoding = 4; lastKnownFileType = sourcecode.swift; path = Procedural.swift; sourceTree = "<group>"; };
		4DD2D6F3260CA2AE0068B8FD /* Instantiation.swift */ = {isa = PBXFileReference; fileEncoding = 4; lastKnownFileType = sourcecode.swift; path = Instantiation.swift; sourceTree = "<group>"; };
		4DD2D6F4260CA2AE0068B8FD /* Temporal.swift */ = {isa = PBXFileReference; fileEncoding = 4; lastKnownFileType = sourcecode.swift; path = Temporal.swift; sourceTree = "<group>"; };
		4DD2D6F5260CA2AE0068B8FD /* Vision.swift */ = {isa = PBXFileReference; fileEncoding = 4; lastKnownFileType = sourcecode.swift; path = Vision.swift; sourceTree = "<group>"; };
		4DD2D6F6260CA2AE0068B8FD /* Tokenizer.swift */ = {isa = PBXFileReference; fileEncoding = 4; lastKnownFileType = sourcecode.swift; path = Tokenizer.swift; sourceTree = "<group>"; };
		4DD2D6F7260CA2AE0068B8FD /* SlotCondition.swift */ = {isa = PBXFileReference; fileEncoding = 4; lastKnownFileType = sourcecode.swift; path = SlotCondition.swift; sourceTree = "<group>"; };
		4DD2D6F8260CA2AE0068B8FD /* BufferAction.swift */ = {isa = PBXFileReference; fileEncoding = 4; lastKnownFileType = sourcecode.swift; path = BufferAction.swift; sourceTree = "<group>"; };
		4DD2D6F9260CA2AE0068B8FD /* Support.swift */ = {isa = PBXFileReference; fileEncoding = 4; lastKnownFileType = sourcecode.swift; path = Support.swift; sourceTree = "<group>"; };
		4DD2D6FA260CA2AE0068B8FD /* Parser.swift */ = {isa = PBXFileReference; fileEncoding = 4; lastKnownFileType = sourcecode.swift; path = Parser.swift; sourceTree = "<group>"; };
		4DD2D6FB260CA2AE0068B8FD /* Declarative.swift */ = {isa = PBXFileReference; fileEncoding = 4; lastKnownFileType = sourcecode.swift; path = Declarative.swift; sourceTree = "<group>"; };
		4DD2D6FC260CA2AE0068B8FD /* Chunk.swift */ = {isa = PBXFileReference; fileEncoding = 4; lastKnownFileType = sourcecode.swift; path = Chunk.swift; sourceTree = "<group>"; };
		4DD2D6FD260CA2AE0068B8FD /* Production.swift */ = {isa = PBXFileReference; fileEncoding = 4; lastKnownFileType = sourcecode.swift; path = Production.swift; sourceTree = "<group>"; };
/* End PBXFileReference section */

/* Begin PBXFrameworksBuildPhase section */
		0325B37D25DD8FD3006BBBDE /* Frameworks */ = {
			isa = PBXFrameworksBuildPhase;
			buildActionMask = 2147483647;
			files = (
			);
			runOnlyForDeploymentPostprocessing = 0;
		};
/* End PBXFrameworksBuildPhase section */

/* Begin PBXGroup section */
		0325B37725DD8FD3006BBBDE = {
			isa = PBXGroup;
			children = (
				4DD2D6EE260CA2AE0068B8FD /* ACT-R */,
				0325B38225DD8FD3006BBBDE /* SaboteurGame */,
				0325B38125DD8FD3006BBBDE /* Products */,
			);
			sourceTree = "<group>";
		};
		0325B38125DD8FD3006BBBDE /* Products */ = {
			isa = PBXGroup;
			children = (
				0325B38025DD8FD3006BBBDE /* SaboteurGame.app */,
			);
			name = Products;
			sourceTree = "<group>";
		};
		0325B38225DD8FD3006BBBDE /* SaboteurGame */ = {
			isa = PBXGroup;
			children = (
				4DD2D6E9260CA2A20068B8FD /* act-r_miner.actr.lisp */,
				4DD2D6EA260CA2A20068B8FD /* rps.actr */,
				0325B38325DD8FD3006BBBDE /* SaboteurGameApp.swift */,
				0325B38525DD8FD3006BBBDE /* GameView.swift */,
				0325B39425DD90F4006BBBDE /* Game.swift */,
				03A5929F25EE746B009B2A0F /* Players.swift */,
				03C3ECB925ED374500A71642 /* Deck.swift */,
				03C3ECBC25EE471B00A71642 /* Field.swift */,
				03B1468025E64E1600371620 /* PlayingFieldViewModel.swift */,
				0325B38725DD8FD6006BBBDE /* Assets.xcassets */,
				0325B38C25DD8FD6006BBBDE /* Info.plist */,
				0325B38925DD8FD6006BBBDE /* Preview Content */,
			);
			path = SaboteurGame;
			sourceTree = "<group>";
		};
		0325B38925DD8FD6006BBBDE /* Preview Content */ = {
			isa = PBXGroup;
			children = (
				0325B38A25DD8FD6006BBBDE /* Preview Assets.xcassets */,
			);
			path = "Preview Content";
			sourceTree = "<group>";
		};
		4DD2D6EE260CA2AE0068B8FD /* ACT-R */ = {
			isa = PBXGroup;
			children = (
				4DD2D6EF260CA2AE0068B8FD /* SlotAction.swift */,
				4DD2D6F0260CA2AE0068B8FD /* BufferCondition.swift */,
				4DD2D6F1260CA2AE0068B8FD /* Model.swift */,
				4DD2D6F2260CA2AE0068B8FD /* Procedural.swift */,
				4DD2D6F3260CA2AE0068B8FD /* Instantiation.swift */,
				4DD2D6F4260CA2AE0068B8FD /* Temporal.swift */,
				4DD2D6F5260CA2AE0068B8FD /* Vision.swift */,
				4DD2D6F6260CA2AE0068B8FD /* Tokenizer.swift */,
				4DD2D6F7260CA2AE0068B8FD /* SlotCondition.swift */,
				4DD2D6F8260CA2AE0068B8FD /* BufferAction.swift */,
				4DD2D6F9260CA2AE0068B8FD /* Support.swift */,
				4DD2D6FA260CA2AE0068B8FD /* Parser.swift */,
				4DD2D6FB260CA2AE0068B8FD /* Declarative.swift */,
				4DD2D6FC260CA2AE0068B8FD /* Chunk.swift */,
				4DD2D6FD260CA2AE0068B8FD /* Production.swift */,
			);
			path = "ACT-R";
			sourceTree = "<group>";
		};
/* End PBXGroup section */

/* Begin PBXNativeTarget section */
		0325B37F25DD8FD3006BBBDE /* SaboteurGame */ = {
			isa = PBXNativeTarget;
			buildConfigurationList = 0325B38F25DD8FD6006BBBDE /* Build configuration list for PBXNativeTarget "SaboteurGame" */;
			buildPhases = (
				0325B37C25DD8FD3006BBBDE /* Sources */,
				0325B37D25DD8FD3006BBBDE /* Frameworks */,
				0325B37E25DD8FD3006BBBDE /* Resources */,
			);
			buildRules = (
			);
			dependencies = (
			);
			name = SaboteurGame;
			productName = SaboteurGame;
			productReference = 0325B38025DD8FD3006BBBDE /* SaboteurGame.app */;
			productType = "com.apple.product-type.application";
		};
/* End PBXNativeTarget section */

/* Begin PBXProject section */
		0325B37825DD8FD3006BBBDE /* Project object */ = {
			isa = PBXProject;
			attributes = {
				LastSwiftUpdateCheck = 1240;
				LastUpgradeCheck = 1240;
				TargetAttributes = {
					0325B37F25DD8FD3006BBBDE = {
						CreatedOnToolsVersion = 12.4;
					};
				};
			};
			buildConfigurationList = 0325B37B25DD8FD3006BBBDE /* Build configuration list for PBXProject "SaboteurGame" */;
			compatibilityVersion = "Xcode 9.3";
			developmentRegion = en;
			hasScannedForEncodings = 0;
			knownRegions = (
				en,
				Base,
			);
			mainGroup = 0325B37725DD8FD3006BBBDE;
			productRefGroup = 0325B38125DD8FD3006BBBDE /* Products */;
			projectDirPath = "";
			projectRoot = "";
			targets = (
				0325B37F25DD8FD3006BBBDE /* SaboteurGame */,
			);
		};
/* End PBXProject section */

/* Begin PBXResourcesBuildPhase section */
		0325B37E25DD8FD3006BBBDE /* Resources */ = {
			isa = PBXResourcesBuildPhase;
			buildActionMask = 2147483647;
			files = (
				4DD2D6EB260CA2A20068B8FD /* act-r_miner.actr.lisp in Resources */,
				4DD2D6EC260CA2A20068B8FD /* rps.actr in Resources */,
				0325B38B25DD8FD6006BBBDE /* Preview Assets.xcassets in Resources */,
				0325B38825DD8FD6006BBBDE /* Assets.xcassets in Resources */,
			);
			runOnlyForDeploymentPostprocessing = 0;
		};
/* End PBXResourcesBuildPhase section */

/* Begin PBXSourcesBuildPhase section */
		0325B37C25DD8FD3006BBBDE /* Sources */ = {
			isa = PBXSourcesBuildPhase;
			buildActionMask = 2147483647;
			files = (
				4DD2D70A260CA2AE0068B8FD /* Declarative.swift in Sources */,
				03A592A025EE746B009B2A0F /* Players.swift in Sources */,
				4DD2D705260CA2AE0068B8FD /* Tokenizer.swift in Sources */,
				4DD2D704260CA2AE0068B8FD /* Vision.swift in Sources */,
				4DD2D70C260CA2AE0068B8FD /* Production.swift in Sources */,
				03C3ECBA25ED374500A71642 /* Deck.swift in Sources */,
				0325B38625DD8FD3006BBBDE /* GameView.swift in Sources */,
				4DD2D6FE260CA2AE0068B8FD /* SlotAction.swift in Sources */,
				0325B39525DD90F4006BBBDE /* Game.swift in Sources */,
				4DD2D706260CA2AE0068B8FD /* SlotCondition.swift in Sources */,
				4DD2D700260CA2AE0068B8FD /* Model.swift in Sources */,
				0325B38425DD8FD3006BBBDE /* SaboteurGameApp.swift in Sources */,
				4DD2D702260CA2AE0068B8FD /* Instantiation.swift in Sources */,
				03C3ECBD25EE471B00A71642 /* Field.swift in Sources */,
				4DD2D701260CA2AE0068B8FD /* Procedural.swift in Sources */,
				4DD2D70B260CA2AE0068B8FD /* Chunk.swift in Sources */,
				03B1468125E64E1600371620 /* PlayingFieldViewModel.swift in Sources */,
				4DD2D6FF260CA2AE0068B8FD /* BufferCondition.swift in Sources */,
				4DD2D709260CA2AE0068B8FD /* Parser.swift in Sources */,
				4DD2D703260CA2AE0068B8FD /* Temporal.swift in Sources */,
				4DD2D707260CA2AE0068B8FD /* BufferAction.swift in Sources */,
				4DD2D708260CA2AE0068B8FD /* Support.swift in Sources */,
			);
			runOnlyForDeploymentPostprocessing = 0;
		};
/* End PBXSourcesBuildPhase section */

/* Begin XCBuildConfiguration section */
		0325B38D25DD8FD6006BBBDE /* Debug */ = {
			isa = XCBuildConfiguration;
			buildSettings = {
				ALWAYS_SEARCH_USER_PATHS = NO;
				CLANG_ANALYZER_NONNULL = YES;
				CLANG_ANALYZER_NUMBER_OBJECT_CONVERSION = YES_AGGRESSIVE;
				CLANG_CXX_LANGUAGE_STANDARD = "gnu++14";
				CLANG_CXX_LIBRARY = "libc++";
				CLANG_ENABLE_MODULES = YES;
				CLANG_ENABLE_OBJC_ARC = YES;
				CLANG_ENABLE_OBJC_WEAK = YES;
				CLANG_WARN_BLOCK_CAPTURE_AUTORELEASING = YES;
				CLANG_WARN_BOOL_CONVERSION = YES;
				CLANG_WARN_COMMA = YES;
				CLANG_WARN_CONSTANT_CONVERSION = YES;
				CLANG_WARN_DEPRECATED_OBJC_IMPLEMENTATIONS = YES;
				CLANG_WARN_DIRECT_OBJC_ISA_USAGE = YES_ERROR;
				CLANG_WARN_DOCUMENTATION_COMMENTS = YES;
				CLANG_WARN_EMPTY_BODY = YES;
				CLANG_WARN_ENUM_CONVERSION = YES;
				CLANG_WARN_INFINITE_RECURSION = YES;
				CLANG_WARN_INT_CONVERSION = YES;
				CLANG_WARN_NON_LITERAL_NULL_CONVERSION = YES;
				CLANG_WARN_OBJC_IMPLICIT_RETAIN_SELF = YES;
				CLANG_WARN_OBJC_LITERAL_CONVERSION = YES;
				CLANG_WARN_OBJC_ROOT_CLASS = YES_ERROR;
				CLANG_WARN_QUOTED_INCLUDE_IN_FRAMEWORK_HEADER = YES;
				CLANG_WARN_RANGE_LOOP_ANALYSIS = YES;
				CLANG_WARN_STRICT_PROTOTYPES = YES;
				CLANG_WARN_SUSPICIOUS_MOVE = YES;
				CLANG_WARN_UNGUARDED_AVAILABILITY = YES_AGGRESSIVE;
				CLANG_WARN_UNREACHABLE_CODE = YES;
				CLANG_WARN__DUPLICATE_METHOD_MATCH = YES;
				COPY_PHASE_STRIP = NO;
				DEBUG_INFORMATION_FORMAT = dwarf;
				ENABLE_STRICT_OBJC_MSGSEND = YES;
				ENABLE_TESTABILITY = YES;
				GCC_C_LANGUAGE_STANDARD = gnu11;
				GCC_DYNAMIC_NO_PIC = NO;
				GCC_NO_COMMON_BLOCKS = YES;
				GCC_OPTIMIZATION_LEVEL = 0;
				GCC_PREPROCESSOR_DEFINITIONS = (
					"DEBUG=1",
					"$(inherited)",
				);
				GCC_WARN_64_TO_32_BIT_CONVERSION = YES;
				GCC_WARN_ABOUT_RETURN_TYPE = YES_ERROR;
				GCC_WARN_UNDECLARED_SELECTOR = YES;
				GCC_WARN_UNINITIALIZED_AUTOS = YES_AGGRESSIVE;
				GCC_WARN_UNUSED_FUNCTION = YES;
				GCC_WARN_UNUSED_VARIABLE = YES;
				IPHONEOS_DEPLOYMENT_TARGET = 14.4;
				MTL_ENABLE_DEBUG_INFO = INCLUDE_SOURCE;
				MTL_FAST_MATH = YES;
				ONLY_ACTIVE_ARCH = YES;
				SDKROOT = iphoneos;
				SWIFT_ACTIVE_COMPILATION_CONDITIONS = DEBUG;
				SWIFT_OPTIMIZATION_LEVEL = "-Onone";
			};
			name = Debug;
		};
		0325B38E25DD8FD6006BBBDE /* Release */ = {
			isa = XCBuildConfiguration;
			buildSettings = {
				ALWAYS_SEARCH_USER_PATHS = NO;
				CLANG_ANALYZER_NONNULL = YES;
				CLANG_ANALYZER_NUMBER_OBJECT_CONVERSION = YES_AGGRESSIVE;
				CLANG_CXX_LANGUAGE_STANDARD = "gnu++14";
				CLANG_CXX_LIBRARY = "libc++";
				CLANG_ENABLE_MODULES = YES;
				CLANG_ENABLE_OBJC_ARC = YES;
				CLANG_ENABLE_OBJC_WEAK = YES;
				CLANG_WARN_BLOCK_CAPTURE_AUTORELEASING = YES;
				CLANG_WARN_BOOL_CONVERSION = YES;
				CLANG_WARN_COMMA = YES;
				CLANG_WARN_CONSTANT_CONVERSION = YES;
				CLANG_WARN_DEPRECATED_OBJC_IMPLEMENTATIONS = YES;
				CLANG_WARN_DIRECT_OBJC_ISA_USAGE = YES_ERROR;
				CLANG_WARN_DOCUMENTATION_COMMENTS = YES;
				CLANG_WARN_EMPTY_BODY = YES;
				CLANG_WARN_ENUM_CONVERSION = YES;
				CLANG_WARN_INFINITE_RECURSION = YES;
				CLANG_WARN_INT_CONVERSION = YES;
				CLANG_WARN_NON_LITERAL_NULL_CONVERSION = YES;
				CLANG_WARN_OBJC_IMPLICIT_RETAIN_SELF = YES;
				CLANG_WARN_OBJC_LITERAL_CONVERSION = YES;
				CLANG_WARN_OBJC_ROOT_CLASS = YES_ERROR;
				CLANG_WARN_QUOTED_INCLUDE_IN_FRAMEWORK_HEADER = YES;
				CLANG_WARN_RANGE_LOOP_ANALYSIS = YES;
				CLANG_WARN_STRICT_PROTOTYPES = YES;
				CLANG_WARN_SUSPICIOUS_MOVE = YES;
				CLANG_WARN_UNGUARDED_AVAILABILITY = YES_AGGRESSIVE;
				CLANG_WARN_UNREACHABLE_CODE = YES;
				CLANG_WARN__DUPLICATE_METHOD_MATCH = YES;
				COPY_PHASE_STRIP = NO;
				DEBUG_INFORMATION_FORMAT = "dwarf-with-dsym";
				ENABLE_NS_ASSERTIONS = NO;
				ENABLE_STRICT_OBJC_MSGSEND = YES;
				GCC_C_LANGUAGE_STANDARD = gnu11;
				GCC_NO_COMMON_BLOCKS = YES;
				GCC_WARN_64_TO_32_BIT_CONVERSION = YES;
				GCC_WARN_ABOUT_RETURN_TYPE = YES_ERROR;
				GCC_WARN_UNDECLARED_SELECTOR = YES;
				GCC_WARN_UNINITIALIZED_AUTOS = YES_AGGRESSIVE;
				GCC_WARN_UNUSED_FUNCTION = YES;
				GCC_WARN_UNUSED_VARIABLE = YES;
				IPHONEOS_DEPLOYMENT_TARGET = 14.4;
				MTL_ENABLE_DEBUG_INFO = NO;
				MTL_FAST_MATH = YES;
				SDKROOT = iphoneos;
				SWIFT_COMPILATION_MODE = wholemodule;
				SWIFT_OPTIMIZATION_LEVEL = "-O";
				VALIDATE_PRODUCT = YES;
			};
			name = Release;
		};
		0325B39025DD8FD6006BBBDE /* Debug */ = {
			isa = XCBuildConfiguration;
			buildSettings = {
				ASSETCATALOG_COMPILER_APPICON_NAME = AppIcon;
				ASSETCATALOG_COMPILER_GLOBAL_ACCENT_COLOR_NAME = AccentColor;
				CODE_SIGN_STYLE = Automatic;
				DEVELOPMENT_ASSET_PATHS = "\"SaboteurGame/Preview Content\"";
				ENABLE_PREVIEWS = YES;
				INFOPLIST_FILE = SaboteurGame/Info.plist;
				IPHONEOS_DEPLOYMENT_TARGET = 14.0;
				LD_RUNPATH_SEARCH_PATHS = (
					"$(inherited)",
					"@executable_path/Frameworks",
				);
				PRODUCT_BUNDLE_IDENTIFIER = koen.buiten.SaboteurGame;
				PRODUCT_NAME = "$(TARGET_NAME)";
				SWIFT_VERSION = 5.0;
				TARGETED_DEVICE_FAMILY = "1,2";
			};
			name = Debug;
		};
		0325B39125DD8FD6006BBBDE /* Release */ = {
			isa = XCBuildConfiguration;
			buildSettings = {
				ASSETCATALOG_COMPILER_APPICON_NAME = AppIcon;
				ASSETCATALOG_COMPILER_GLOBAL_ACCENT_COLOR_NAME = AccentColor;
				CODE_SIGN_STYLE = Automatic;
				DEVELOPMENT_ASSET_PATHS = "\"SaboteurGame/Preview Content\"";
				ENABLE_PREVIEWS = YES;
				INFOPLIST_FILE = SaboteurGame/Info.plist;
				IPHONEOS_DEPLOYMENT_TARGET = 14.0;
				LD_RUNPATH_SEARCH_PATHS = (
					"$(inherited)",
					"@executable_path/Frameworks",
				);
				PRODUCT_BUNDLE_IDENTIFIER = koen.buiten.SaboteurGame;
				PRODUCT_NAME = "$(TARGET_NAME)";
				SWIFT_VERSION = 5.0;
				TARGETED_DEVICE_FAMILY = "1,2";
			};
			name = Release;
		};
/* End XCBuildConfiguration section */

/* Begin XCConfigurationList section */
		0325B37B25DD8FD3006BBBDE /* Build configuration list for PBXProject "SaboteurGame" */ = {
			isa = XCConfigurationList;
			buildConfigurations = (
				0325B38D25DD8FD6006BBBDE /* Debug */,
				0325B38E25DD8FD6006BBBDE /* Release */,
			);
			defaultConfigurationIsVisible = 0;
			defaultConfigurationName = Release;
		};
		0325B38F25DD8FD6006BBBDE /* Build configuration list for PBXNativeTarget "SaboteurGame" */ = {
			isa = XCConfigurationList;
			buildConfigurations = (
				0325B39025DD8FD6006BBBDE /* Debug */,
				0325B39125DD8FD6006BBBDE /* Release */,
			);
			defaultConfigurationIsVisible = 0;
			defaultConfigurationName = Release;
		};
/* End XCConfigurationList section */
	};
	rootObject = 0325B37825DD8FD3006BBBDE /* Project object */;
}
